
Microsoft Visual Studio Solution File, Format Version 12.00
# Visual Studio 2012
Project("{FAE04EC0-301F-11D3-BF4B-00C04F79EFBC}") = "CalculatorMVCApp", "CalculatorMVCApp\CalculatorMVCApp.csproj", "{E430EAB2-8F5E-4CC2-8BBD-C855F00B0371}"
EndProject
Project("{FAE04EC0-301F-11D3-BF4B-00C04F79EFBC}") = "CalculatorAPI", "CalendarAPI\CalculatorAPI.csproj", "{FE4A99D8-70F2-476A-8358-BE8C6643E412}"
EndProject
Project("{2150E333-8FDC-42A3-9474-1A3956D46DE8}") = ".nuget", ".nuget", "{C43FFBDB-1D62-4B88-9DD7-A48FC11CD80D}"
	ProjectSection(SolutionItems) = preProject
		.nuget\NuGet.Config = .nuget\NuGet.Config
		.nuget\NuGet.exe = .nuget\NuGet.exe
		.nuget\NuGet.targets = .nuget\NuGet.targets
	EndProjectSection
EndProject
Global
	GlobalSection(SolutionConfigurationPlatforms) = preSolution
		Debug|Any CPU = Debug|Any CPU
		Release|Any CPU = Release|Any CPU
	EndGlobalSection
	GlobalSection(ProjectConfigurationPlatforms) = postSolution
		{E430EAB2-8F5E-4CC2-8BBD-C855F00B0371}.Debug|Any CPU.ActiveCfg = Debug|Any CPU
		{E430EAB2-8F5E-4CC2-8BBD-C855F00B0371}.Debug|Any CPU.Build.0 = Debug|Any CPU
		{E430EAB2-8F5E-4CC2-8BBD-C855F00B0371}.Release|Any CPU.ActiveCfg = Release|Any CPU
		{E430EAB2-8F5E-4CC2-8BBD-C855F00B0371}.Release|Any CPU.Build.0 = Release|Any CPU
		{FE4A99D8-70F2-476A-8358-BE8C6643E412}.Debug|Any CPU.ActiveCfg = Debug|Any CPU
		{FE4A99D8-70F2-476A-8358-BE8C6643E412}.Debug|Any CPU.Build.0 = Debug|Any CPU
		{FE4A99D8-70F2-476A-8358-BE8C6643E412}.Release|Any CPU.ActiveCfg = Release|Any CPU
		{FE4A99D8-70F2-476A-8358-BE8C6643E412}.Release|Any CPU.Build.0 = Release|Any CPU
	EndGlobalSection
	GlobalSection(SolutionProperties) = preSolution
		HideSolutionNode = FALSE
	EndGlobalSection
EndGlobal
